{
    "_readme": [
        "This file locks the dependencies of your project to a known state",
        "Read more about it at https://getcomposer.org/doc/01-basic-usage.md#installing-dependencies",
        "This file is @generated automatically"
    ],
    "content-hash": "af9ed7538874b1ab9831628518d2d91a",
    "packages": [
        {
            "name": "mobbexco/php-plugins-sdk",
            "version": "dev-master",
            "source": {
                "type": "git",
                "url": "https://github.com/mobbexco/php-plugins-sdk.git",
                "reference": "092777a849a90c0792ac170e4c8ca3304d0282be"
            },
            "dist": {
                "type": "zip",
                "url": "https://api.github.com/repos/mobbexco/php-plugins-sdk/zipball/092777a849a90c0792ac170e4c8ca3304d0282be",
                "reference": "092777a849a90c0792ac170e4c8ca3304d0282be",
                "shasum": ""
            },
            "require-dev": {
                "phpunit/phpunit": "^9"
            },
            "default-branch": true,
            "type": "library",
            "autoload": {
                "psr-4": {
                    "Mobbex\\": "src/"
                }
            },
            "notification-url": "https://packagist.org/downloads/",
            "license": [
                "MIT"
            ],
            "authors": [
                {
                    "name": "Javier Lopez",
                    "email": "javier.lopez@mobbex.com"
                }
            ],
            "description": "Mobbex SDK for PHP plugins",
            "support": {
                "issues": "https://github.com/mobbexco/php-plugins-sdk/issues",
                "source": "https://github.com/mobbexco/php-plugins-sdk/tree/1.2.0"
            },
            "time": "2022-12-22T17:37:13+00:00"
        }
    ],
    "packages-dev": [],
    "aliases": [],
    "minimum-stability": "dev",
    "stability-flags": {
        "mobbexco/php-plugins-sdk": 20
    },
    "prefer-stable": false,
    "prefer-lowest": false,
    "platform": [],
    "platform-dev": [],
    "plugin-api-version": "2.2.0"
}
